
Microsoft Visual Studio Solution File, Format Version 12.00
# Visual Studio 15
VisualStudioVersion = 15.0.28307.168
MinimumVisualStudioVersion = 10.0.40219.1
Project("{FAE04EC0-301F-11D3-BF4B-00C04F79EFBC}") = "market", "fishmarket\market.csproj", "{6643D827-8F0E-4210-AAC4-41DD09594019}"
EndProject
Global
	GlobalSection(SolutionConfigurationPlatforms) = preSolution
		Debug|Any CPU = Debug|Any CPU
		Release|Any CPU = Release|Any CPU
	EndGlobalSection
	GlobalSection(ProjectConfigurationPlatforms) = postSolution
		{6643D827-8F0E-4210-AAC4-41DD09594019}.Debug|Any CPU.ActiveCfg = Debug|Any CPU
		{6643D827-8F0E-4210-AAC4-41DD09594019}.Debug|Any CPU.Build.0 = Debug|Any CPU
		{6643D827-8F0E-4210-AAC4-41DD09594019}.Release|Any CPU.ActiveCfg = Release|Any CPU
		{6643D827-8F0E-4210-AAC4-41DD09594019}.Release|Any CPU.Build.0 = Release|Any CPU
	EndGlobalSection
	GlobalSection(SolutionProperties) = preSolution
		HideSolutionNode = FALSE
	EndGlobalSection
	GlobalSection(ExtensibilityGlobals) = postSolution
		SolutionGuid = {32FDD445-9489-417D-85B4-71F97BE877F1}
	EndGlobalSection
EndGlobal
